
Microsoft Visual Studio Solution File, Format Version 12.00
# Visual Studio Version 17
VisualStudioVersion = 17.10.35122.118
MinimumVisualStudioVersion = 10.0.40219.1
Project("{FAE04EC0-301F-11D3-BF4B-00C04F79EFBC}") = "EmployeeManagement", "EmployeeManagement.csproj", "{CE4753B9-B6AA-4E2C-AA32-42D9C434AAA4}"
EndProject
Global
	GlobalSection(SolutionConfigurationPlatforms) = preSolution
		Debug|Any CPU = Debug|Any CPU
		Release|Any CPU = Release|Any CPU
	EndGlobalSection
	GlobalSection(ProjectConfigurationPlatforms) = postSolution
		{CE4753B9-B6AA-4E2C-AA32-42D9C434AAA4}.Debug|Any CPU.ActiveCfg = Debug|Any CPU
		{CE4753B9-B6AA-4E2C-AA32-42D9C434AAA4}.Debug|Any CPU.Build.0 = Debug|Any CPU
		{CE4753B9-B6AA-4E2C-AA32-42D9C434AAA4}.Release|Any CPU.ActiveCfg = Release|Any CPU
		{CE4753B9-B6AA-4E2C-AA32-42D9C434AAA4}.Release|Any CPU.Build.0 = Release|Any CPU
	EndGlobalSection
	GlobalSection(SolutionProperties) = preSolution
		HideSolutionNode = FALSE
	EndGlobalSection
	GlobalSection(ExtensibilityGlobals) = postSolution
		SolutionGuid = {D67C460F-1D58-465F-8B1A-DCDA42C927E6}
	EndGlobalSection
EndGlobal
